
Microsoft Visual Studio Solution File, Format Version 12.00
# Visual Studio Version 17
VisualStudioVersion = 17.9.34728.123
MinimumVisualStudioVersion = 10.0.40219.1
Project("{00D1A9C2-B5F0-4AF3-8072-F6C62B433612}") = "RMData", "RMData\RMData.sqlproj", "{FE0E00FA-E8D2-4C09-9B58-E4BDDC738226}"
EndProject
Project("{FAE04EC0-301F-11D3-BF4B-00C04F79EFBC}") = "RMDesktopUI", "RMDesktopUI\RMDesktopUI.csproj", "{41FD8B6D-8276-4155-A4D5-646B364634B7}"
EndProject
Project("{9A19103F-16F7-4668-BE54-9A1E7A4F7556}") = "RMDataManager.Library", "RMDataManager.Library\RMDataManager.Library.csproj", "{CBB2AF2C-2949-4586-98A4-CD2957798061}"
EndProject
Project("{9A19103F-16F7-4668-BE54-9A1E7A4F7556}") = "RMDesktopUI.Library", "RMDesktopUI.Library\RMDesktopUI.Library.csproj", "{5DA4BA78-2CC0-494C-BF40-60D2ADEFE684}"
EndProject
Project("{2150E333-8FDC-42A3-9474-1A3956D46DE8}") = "Database", "Database", "{15A02CE6-C79F-4282-93C3-6C7813171C51}"
EndProject
Project("{2150E333-8FDC-42A3-9474-1A3956D46DE8}") = "API", "API", "{430A0286-69F4-45F0-B16C-C1D3E902178A}"
EndProject
Project("{2150E333-8FDC-42A3-9474-1A3956D46DE8}") = "WPF", "WPF", "{9FD4E83D-B878-46FB-B630-E6E0EB807756}"
EndProject
Project("{9A19103F-16F7-4668-BE54-9A1E7A4F7556}") = "RMApi", "RMApi\RMApi.csproj", "{349578C7-AA2D-47F1-8864-3484C803B0C2}"
EndProject
Global
	GlobalSection(SolutionConfigurationPlatforms) = preSolution
		Debug|Any CPU = Debug|Any CPU
		Release|Any CPU = Release|Any CPU
	EndGlobalSection
	GlobalSection(ProjectConfigurationPlatforms) = postSolution
		{FE0E00FA-E8D2-4C09-9B58-E4BDDC738226}.Debug|Any CPU.ActiveCfg = Debug|Any CPU
		{FE0E00FA-E8D2-4C09-9B58-E4BDDC738226}.Debug|Any CPU.Build.0 = Debug|Any CPU
		{FE0E00FA-E8D2-4C09-9B58-E4BDDC738226}.Debug|Any CPU.Deploy.0 = Debug|Any CPU
		{FE0E00FA-E8D2-4C09-9B58-E4BDDC738226}.Release|Any CPU.ActiveCfg = Release|Any CPU
		{FE0E00FA-E8D2-4C09-9B58-E4BDDC738226}.Release|Any CPU.Build.0 = Release|Any CPU
		{FE0E00FA-E8D2-4C09-9B58-E4BDDC738226}.Release|Any CPU.Deploy.0 = Release|Any CPU
		{41FD8B6D-8276-4155-A4D5-646B364634B7}.Debug|Any CPU.ActiveCfg = Debug|Any CPU
		{41FD8B6D-8276-4155-A4D5-646B364634B7}.Debug|Any CPU.Build.0 = Debug|Any CPU
		{41FD8B6D-8276-4155-A4D5-646B364634B7}.Release|Any CPU.ActiveCfg = Release|Any CPU
		{41FD8B6D-8276-4155-A4D5-646B364634B7}.Release|Any CPU.Build.0 = Release|Any CPU
		{CBB2AF2C-2949-4586-98A4-CD2957798061}.Debug|Any CPU.ActiveCfg = Debug|Any CPU
		{CBB2AF2C-2949-4586-98A4-CD2957798061}.Debug|Any CPU.Build.0 = Debug|Any CPU
		{CBB2AF2C-2949-4586-98A4-CD2957798061}.Release|Any CPU.ActiveCfg = Release|Any CPU
		{CBB2AF2C-2949-4586-98A4-CD2957798061}.Release|Any CPU.Build.0 = Release|Any CPU
		{5DA4BA78-2CC0-494C-BF40-60D2ADEFE684}.Debug|Any CPU.ActiveCfg = Debug|Any CPU
		{5DA4BA78-2CC0-494C-BF40-60D2ADEFE684}.Debug|Any CPU.Build.0 = Debug|Any CPU
		{5DA4BA78-2CC0-494C-BF40-60D2ADEFE684}.Release|Any CPU.ActiveCfg = Release|Any CPU
		{5DA4BA78-2CC0-494C-BF40-60D2ADEFE684}.Release|Any CPU.Build.0 = Release|Any CPU
		{349578C7-AA2D-47F1-8864-3484C803B0C2}.Debug|Any CPU.ActiveCfg = Debug|Any CPU
		{349578C7-AA2D-47F1-8864-3484C803B0C2}.Debug|Any CPU.Build.0 = Debug|Any CPU
		{349578C7-AA2D-47F1-8864-3484C803B0C2}.Release|Any CPU.ActiveCfg = Release|Any CPU
		{349578C7-AA2D-47F1-8864-3484C803B0C2}.Release|Any CPU.Build.0 = Release|Any CPU
	EndGlobalSection
	GlobalSection(SolutionProperties) = preSolution
		HideSolutionNode = FALSE
	EndGlobalSection
	GlobalSection(NestedProjects) = preSolution
		{FE0E00FA-E8D2-4C09-9B58-E4BDDC738226} = {15A02CE6-C79F-4282-93C3-6C7813171C51}
		{41FD8B6D-8276-4155-A4D5-646B364634B7} = {9FD4E83D-B878-46FB-B630-E6E0EB807756}
		{CBB2AF2C-2949-4586-98A4-CD2957798061} = {430A0286-69F4-45F0-B16C-C1D3E902178A}
		{5DA4BA78-2CC0-494C-BF40-60D2ADEFE684} = {9FD4E83D-B878-46FB-B630-E6E0EB807756}
		{349578C7-AA2D-47F1-8864-3484C803B0C2} = {430A0286-69F4-45F0-B16C-C1D3E902178A}
	EndGlobalSection
	GlobalSection(ExtensibilityGlobals) = postSolution
		SolutionGuid = {48E51627-91FD-4FCA-89F0-3FDE026C7838}
	EndGlobalSection
EndGlobal
